
Microsoft Visual Studio Solution File, Format Version 12.00
# Visual Studio Version 17
VisualStudioVersion = 17.9.34728.123
MinimumVisualStudioVersion = 10.0.40219.1
Project("{FAE04EC0-301F-11D3-BF4B-00C04F79EFBC}") = "TPMOD10", "TPMOD10\TPMOD10.csproj", "{1577A057-A38F-48A2-A651-E27AED159117}"
EndProject
Global
	GlobalSection(SolutionConfigurationPlatforms) = preSolution
		Debug|Any CPU = Debug|Any CPU
		Release|Any CPU = Release|Any CPU
	EndGlobalSection
	GlobalSection(ProjectConfigurationPlatforms) = postSolution
		{1577A057-A38F-48A2-A651-E27AED159117}.Debug|Any CPU.ActiveCfg = Debug|Any CPU
		{1577A057-A38F-48A2-A651-E27AED159117}.Debug|Any CPU.Build.0 = Debug|Any CPU
		{1577A057-A38F-48A2-A651-E27AED159117}.Release|Any CPU.ActiveCfg = Release|Any CPU
		{1577A057-A38F-48A2-A651-E27AED159117}.Release|Any CPU.Build.0 = Release|Any CPU
	EndGlobalSection
	GlobalSection(SolutionProperties) = preSolution
		HideSolutionNode = FALSE
	EndGlobalSection
	GlobalSection(ExtensibilityGlobals) = postSolution
		SolutionGuid = {770359EB-D847-4AC9-8038-2E23B7C13E34}
	EndGlobalSection
EndGlobal
